// !$*UTF8*$!
{
	archiveVersion = 1;
	classes = {
	};
	objectVersion = 50;
	objects = {

/* Begin PBXBuildFile section */
		C4D249FB264876DD001D5932 /* Stats_AppApp.swift in Sources */ = {isa = PBXBuildFile; fileRef = C4D249FA264876DD001D5932 /* Stats_AppApp.swift */; };
		C4D249FD264876DD001D5932 /* ContentView.swift in Sources */ = {isa = PBXBuildFile; fileRef = C4D249FC264876DD001D5932 /* ContentView.swift */; };
		C4D249FF264876DE001D5932 /* Assets.xcassets in Resources */ = {isa = PBXBuildFile; fileRef = C4D249FE264876DE001D5932 /* Assets.xcassets */; };
		C4D24A02264876DE001D5932 /* Preview Assets.xcassets in Resources */ = {isa = PBXBuildFile; fileRef = C4D24A01264876DE001D5932 /* Preview Assets.xcassets */; };
		C4D24A0D264876DE001D5932 /* Stats_AppTests.swift in Sources */ = {isa = PBXBuildFile; fileRef = C4D24A0C264876DE001D5932 /* Stats_AppTests.swift */; };
		C4D24A18264876DE001D5932 /* Stats_AppUITests.swift in Sources */ = {isa = PBXBuildFile; fileRef = C4D24A17264876DE001D5932 /* Stats_AppUITests.swift */; };
/* End PBXBuildFile section */

/* Begin PBXContainerItemProxy section */
		C4D24A09264876DE001D5932 /* PBXContainerItemProxy */ = {
			isa = PBXContainerItemProxy;
			containerPortal = C4D249EF264876DD001D5932 /* Project object */;
			proxyType = 1;
			remoteGlobalIDString = C4D249F6264876DD001D5932;
			remoteInfo = "Stats App";
		};
		C4D24A14264876DE001D5932 /* PBXContainerItemProxy */ = {
			isa = PBXContainerItemProxy;
			containerPortal = C4D249EF264876DD001D5932 /* Project object */;
			proxyType = 1;
			remoteGlobalIDString = C4D249F6264876DD001D5932;
			remoteInfo = "Stats App";
		};
/* End PBXContainerItemProxy section */

/* Begin PBXFileReference section */
		C4D249F7264876DD001D5932 /* Stats App.app */ = {isa = PBXFileReference; explicitFileType = wrapper.application; includeInIndex = 0; path = "Stats App.app"; sourceTree = BUILT_PRODUCTS_DIR; };
		C4D249FA264876DD001D5932 /* Stats_AppApp.swift */ = {isa = PBXFileReference; lastKnownFileType = sourcecode.swift; path = Stats_AppApp.swift; sourceTree = "<group>"; };
		C4D249FC264876DD001D5932 /* ContentView.swift */ = {isa = PBXFileReference; lastKnownFileType = sourcecode.swift; path = ContentView.swift; sourceTree = "<group>"; };
		C4D249FE264876DE001D5932 /* Assets.xcassets */ = {isa = PBXFileReference; lastKnownFileType = folder.assetcatalog; path = Assets.xcassets; sourceTree = "<group>"; };
		C4D24A01264876DE001D5932 /* Preview Assets.xcassets */ = {isa = PBXFileReference; lastKnownFileType = folder.assetcatalog; path = "Preview Assets.xcassets"; sourceTree = "<group>"; };
		C4D24A03264876DE001D5932 /* Info.plist */ = {isa = PBXFileReference; lastKnownFileType = text.plist.xml; path = Info.plist; sourceTree = "<group>"; };
		C4D24A08264876DE001D5932 /* Stats AppTests.xctest */ = {isa = PBXFileReference; explicitFileType = wrapper.cfbundle; includeInIndex = 0; path = "Stats AppTests.xctest"; sourceTree = BUILT_PRODUCTS_DIR; };
		C4D24A0C264876DE001D5932 /* Stats_AppTests.swift */ = {isa = PBXFileReference; lastKnownFileType = sourcecode.swift; path = Stats_AppTests.swift; sourceTree = "<group>"; };
		C4D24A0E264876DE001D5932 /* Info.plist */ = {isa = PBXFileReference; lastKnownFileType = text.plist.xml; path = Info.plist; sourceTree = "<group>"; };
		C4D24A13264876DE001D5932 /* Stats AppUITests.xctest */ = {isa = PBXFileReference; explicitFileType = wrapper.cfbundle; includeInIndex = 0; path = "Stats AppUITests.xctest"; sourceTree = BUILT_PRODUCTS_DIR; };
		C4D24A17264876DE001D5932 /* Stats_AppUITests.swift */ = {isa = PBXFileReference; lastKnownFileType = sourcecode.swift; path = Stats_AppUITests.swift; sourceTree = "<group>"; };
		C4D24A19264876DE001D5932 /* Info.plist */ = {isa = PBXFileReference; lastKnownFileType = text.plist.xml; path = Info.plist; sourceTree = "<group>"; };
/* End PBXFileReference section */

/* Begin PBXFrameworksBuildPhase section */
		C4D249F4264876DD001D5932 /* Frameworks */ = {
			isa = PBXFrameworksBuildPhase;
			buildActionMask = 2147483647;
			files = (
			);
			runOnlyForDeploymentPostprocessing = 0;
		};
		C4D24A05264876DE001D5932 /* Frameworks */ = {
			isa = PBXFrameworksBuildPhase;
			buildActionMask = 2147483647;
			files = (
			);
			runOnlyForDeploymentPostprocessing = 0;
		};
		C4D24A10264876DE001D5932 /* Frameworks */ = {
			isa = PBXFrameworksBuildPhase;
			buildActionMask = 2147483647;
			files = (
			);
			runOnlyForDeploymentPostprocessing = 0;
		};
/* End PBXFrameworksBuildPhase section */

/* Begin PBXGroup section */
		C4D249EE264876DD001D5932 = {
			isa = PBXGroup;
			children = (
				C4D249F9264876DD001D5932 /* Stats App */,
				C4D24A0B264876DE001D5932 /* Stats AppTests */,
				C4D24A16264876DE001D5932 /* Stats AppUITests */,
				C4D249F8264876DD001D5932 /* Products */,
			);
			sourceTree = "<group>";
		};
		C4D249F8264876DD001D5932 /* Products */ = {
			isa = PBXGroup;
			children = (
				C4D249F7264876DD001D5932 /* Stats App.app */,
				C4D24A08264876DE001D5932 /* Stats AppTests.xctest */,
				C4D24A13264876DE001D5932 /* Stats AppUITests.xctest */,
			);
			name = Products;
			sourceTree = "<group>";
		};
		C4D249F9264876DD001D5932 /* Stats App */ = {
			isa = PBXGroup;
			children = (
				C4D249FA264876DD001D5932 /* Stats_AppApp.swift */,
				C4D249FC264876DD001D5932 /* ContentView.swift */,
				C4D249FE264876DE001D5932 /* Assets.xcassets */,
				C4D24A03264876DE001D5932 /* Info.plist */,
				C4D24A00264876DE001D5932 /* Preview Content */,
			);
			path = "Stats App";
			sourceTree = "<group>";
		};
		C4D24A00264876DE001D5932 /* Preview Content */ = {
			isa = PBXGroup;
			children = (
				C4D24A01264876DE001D5932 /* Preview Assets.xcassets */,
			);
			path = "Preview Content";
			sourceTree = "<group>";
		};
		C4D24A0B264876DE001D5932 /* Stats AppTests */ = {
			isa = PBXGroup;
			children = (
				C4D24A0C264876DE001D5932 /* Stats_AppTests.swift */,
				C4D24A0E264876DE001D5932 /* Info.plist */,
			);
			path = "Stats AppTests";
			sourceTree = "<group>";
		};
		C4D24A16264876DE001D5932 /* Stats AppUITests */ = {
			isa = PBXGroup;
			children = (
				C4D24A17264876DE001D5932 /* Stats_AppUITests.swift */,
				C4D24A19264876DE001D5932 /* Info.plist */,
			);
			path = "Stats AppUITests";
			sourceTree = "<group>";
		};
/* End PBXGroup section */

/* Begin PBXNativeTarget section */
		C4D249F6264876DD001D5932 /* Stats App */ = {
			isa = PBXNativeTarget;
			buildConfigurationList = C4D24A1C264876DE001D5932 /* Build configuration list for PBXNativeTarget "Stats App" */;
			buildPhases = (
				C4D249F3264876DD001D5932 /* Sources */,
				C4D249F4264876DD001D5932 /* Frameworks */,
				C4D249F5264876DD001D5932 /* Resources */,
			);
			buildRules = (
			);
			dependencies = (
			);
			name = "Stats App";
			productName = "Stats App";
			productReference = C4D249F7264876DD001D5932 /* Stats App.app */;
			productType = "com.apple.product-type.application";
		};
		C4D24A07264876DE001D5932 /* Stats AppTests */ = {
			isa = PBXNativeTarget;
			buildConfigurationList = C4D24A1F264876DE001D5932 /* Build configuration list for PBXNativeTarget "Stats AppTests" */;
			buildPhases = (
				C4D24A04264876DE001D5932 /* Sources */,
				C4D24A05264876DE001D5932 /* Frameworks */,
				C4D24A06264876DE001D5932 /* Resources */,
			);
			buildRules = (
			);
			dependencies = (
				C4D24A0A264876DE001D5932 /* PBXTargetDependency */,
			);
			name = "Stats AppTests";
			productName = "Stats AppTests";
			productReference = C4D24A08264876DE001D5932 /* Stats AppTests.xctest */;
			productType = "com.apple.product-type.bundle.unit-test";
		};
		C4D24A12264876DE001D5932 /* Stats AppUITests */ = {
			isa = PBXNativeTarget;
			buildConfigurationList = C4D24A22264876DE001D5932 /* Build configuration list for PBXNativeTarget "Stats AppUITests" */;
			buildPhases = (
				C4D24A0F264876DE001D5932 /* Sources */,
				C4D24A10264876DE001D5932 /* Frameworks */,
				C4D24A11264876DE001D5932 /* Resources */,
			);
			buildRules = (
			);
			dependencies = (
				C4D24A15264876DE001D5932 /* PBXTargetDependency */,
			);
			name = "Stats AppUITests";
			productName = "Stats AppUITests";
			productReference = C4D24A13264876DE001D5932 /* Stats AppUITests.xctest */;
			productType = "com.apple.product-type.bundle.ui-testing";
		};
/* End PBXNativeTarget section */

/* Begin PBXProject section */
		C4D249EF264876DD001D5932 /* Project object */ = {
			isa = PBXProject;
			attributes = {
				LastSwiftUpdateCheck = 1250;
				LastUpgradeCheck = 1250;
				TargetAttributes = {
					C4D249F6264876DD001D5932 = {
						CreatedOnToolsVersion = 12.5;
					};
					C4D24A07264876DE001D5932 = {
						CreatedOnToolsVersion = 12.5;
						TestTargetID = C4D249F6264876DD001D5932;
					};
					C4D24A12264876DE001D5932 = {
						CreatedOnToolsVersion = 12.5;
						TestTargetID = C4D249F6264876DD001D5932;
					};
				};
			};
			buildConfigurationList = C4D249F2264876DD001D5932 /* Build configuration list for PBXProject "Stats App" */;
			compatibilityVersion = "Xcode 9.3";
			developmentRegion = en;
			hasScannedForEncodings = 0;
			knownRegions = (
				en,
				Base,
			);
			mainGroup = C4D249EE264876DD001D5932;
			productRefGroup = C4D249F8264876DD001D5932 /* Products */;
			projectDirPath = "";
			projectRoot = "";
			targets = (
				C4D249F6264876DD001D5932 /* Stats App */,
				C4D24A07264876DE001D5932 /* Stats AppTests */,
				C4D24A12264876DE001D5932 /* Stats AppUITests */,
			);
		};
/* End PBXProject section */

/* Begin PBXResourcesBuildPhase section */
		C4D249F5264876DD001D5932 /* Resources */ = {
			isa = PBXResourcesBuildPhase;
			buildActionMask = 2147483647;
			files = (
				C4D24A02264876DE001D5932 /* Preview Assets.xcassets in Resources */,
				C4D249FF264876DE001D5932 /* Assets.xcassets in Resources */,
			);
			runOnlyForDeploymentPostprocessing = 0;
		};
		C4D24A06264876DE001D5932 /* Resources */ = {
			isa = PBXResourcesBuildPhase;
			buildActionMask = 2147483647;
			files = (
			);
			runOnlyForDeploymentPostprocessing = 0;
		};
		C4D24A11264876DE001D5932 /* Resources */ = {
			isa = PBXResourcesBuildPhase;
			buildActionMask = 2147483647;
			files = (
			);
			runOnlyForDeploymentPostprocessing = 0;
		};
/* End PBXResourcesBuildPhase section */

/* Begin PBXSourcesBuildPhase section */
		C4D249F3264876DD001D5932 /* Sources */ = {
			isa = PBXSourcesBuildPhase;
			buildActionMask = 2147483647;
			files = (
				C4D249FD264876DD001D5932 /* ContentView.swift in Sources */,
				C4D249FB264876DD001D5932 /* Stats_AppApp.swift in Sources */,
			);
			runOnlyForDeploymentPostprocessing = 0;
		};
		C4D24A04264876DE001D5932 /* Sources */ = {
			isa = PBXSourcesBuildPhase;
			buildActionMask = 2147483647;
			files = (
				C4D24A0D264876DE001D5932 /* Stats_AppTests.swift in Sources */,
			);
			runOnlyForDeploymentPostprocessing = 0;
		};
		C4D24A0F264876DE001D5932 /* Sources */ = {
			isa = PBXSourcesBuildPhase;
			buildActionMask = 2147483647;
			files = (
				C4D24A18264876DE001D5932 /* Stats_AppUITests.swift in Sources */,
			);
			runOnlyForDeploymentPostprocessing = 0;
		};
/* End PBXSourcesBuildPhase section */

/* Begin PBXTargetDependency section */
		C4D24A0A264876DE001D5932 /* PBXTargetDependency */ = {
			isa = PBXTargetDependency;
			target = C4D249F6264876DD001D5932 /* Stats App */;
			targetProxy = C4D24A09264876DE001D5932 /* PBXContainerItemProxy */;
		};
		C4D24A15264876DE001D5932 /* PBXTargetDependency */ = {
			isa = PBXTargetDependency;
			target = C4D249F6264876DD001D5932 /* Stats App */;
			targetProxy = C4D24A14264876DE001D5932 /* PBXContainerItemProxy */;
		};
/* End PBXTargetDependency section */

/* Begin XCBuildConfiguration section */
		C4D24A1A264876DE001D5932 /* Debug */ = {
			isa = XCBuildConfiguration;
			buildSettings = {
				ALWAYS_SEARCH_USER_PATHS = NO;
				CLANG_ANALYZER_NONNULL = YES;
				CLANG_ANALYZER_NUMBER_OBJECT_CONVERSION = YES_AGGRESSIVE;
				CLANG_CXX_LANGUAGE_STANDARD = "gnu++14";
				CLANG_CXX_LIBRARY = "libc++";
				CLANG_ENABLE_MODULES = YES;
				CLANG_ENABLE_OBJC_ARC = YES;
				CLANG_ENABLE_OBJC_WEAK = YES;
				CLANG_WARN_BLOCK_CAPTURE_AUTORELEASING = YES;
				CLANG_WARN_BOOL_CONVERSION = YES;
				CLANG_WARN_COMMA = YES;
				CLANG_WARN_CONSTANT_CONVERSION = YES;
				CLANG_WARN_DEPRECATED_OBJC_IMPLEMENTATIONS = YES;
				CLANG_WARN_DIRECT_OBJC_ISA_USAGE = YES_ERROR;
				CLANG_WARN_DOCUMENTATION_COMMENTS = YES;
				CLANG_WARN_EMPTY_BODY = YES;
				CLANG_WARN_ENUM_CONVERSION = YES;
				CLANG_WARN_INFINITE_RECURSION = YES;
				CLANG_WARN_INT_CONVERSION = YES;
				CLANG_WARN_NON_LITERAL_NULL_CONVERSION = YES;
				CLANG_WARN_OBJC_IMPLICIT_RETAIN_SELF = YES;
				CLANG_WARN_OBJC_LITERAL_CONVERSION = YES;
				CLANG_WARN_OBJC_ROOT_CLASS = YES_ERROR;
				CLANG_WARN_QUOTED_INCLUDE_IN_FRAMEWORK_HEADER = YES;
				CLANG_WARN_RANGE_LOOP_ANALYSIS = YES;
				CLANG_WARN_STRICT_PROTOTYPES = YES;
				CLANG_WARN_SUSPICIOUS_MOVE = YES;
				CLANG_WARN_UNGUARDED_AVAILABILITY = YES_AGGRESSIVE;
				CLANG_WARN_UNREACHABLE_CODE = YES;
				CLANG_WARN__DUPLICATE_METHOD_MATCH = YES;
				COPY_PHASE_STRIP = NO;
				DEBUG_INFORMATION_FORMAT = dwarf;
				ENABLE_STRICT_OBJC_MSGSEND = YES;
				ENABLE_TESTABILITY = YES;
				GCC_C_LANGUAGE_STANDARD = gnu11;
				GCC_DYNAMIC_NO_PIC = NO;
				GCC_NO_COMMON_BLOCKS = YES;
				GCC_OPTIMIZATION_LEVEL = 0;
				GCC_PREPROCESSOR_DEFINITIONS = (
					"DEBUG=1",
					"$(inherited)",
				);
				GCC_WARN_64_TO_32_BIT_CONVERSION = YES;
				GCC_WARN_ABOUT_RETURN_TYPE = YES_ERROR;
				GCC_WARN_UNDECLARED_SELECTOR = YES;
				GCC_WARN_UNINITIALIZED_AUTOS = YES_AGGRESSIVE;
				GCC_WARN_UNUSED_FUNCTION = YES;
				GCC_WARN_UNUSED_VARIABLE = YES;
				IPHONEOS_DEPLOYMENT_TARGET = 14.5;
				MTL_ENABLE_DEBUG_INFO = INCLUDE_SOURCE;
				MTL_FAST_MATH = YES;
				ONLY_ACTIVE_ARCH = YES;
				SDKROOT = iphoneos;
				SWIFT_ACTIVE_COMPILATION_CONDITIONS = DEBUG;
				SWIFT_OPTIMIZATION_LEVEL = "-Onone";
			};
			name = Debug;
		};
		C4D24A1B264876DE001D5932 /* Release */ = {
			isa = XCBuildConfiguration;
			buildSettings = {
				ALWAYS_SEARCH_USER_PATHS = NO;
				CLANG_ANALYZER_NONNULL = YES;
				CLANG_ANALYZER_NUMBER_OBJECT_CONVERSION = YES_AGGRESSIVE;
				CLANG_CXX_LANGUAGE_STANDARD = "gnu++14";
				CLANG_CXX_LIBRARY = "libc++";
				CLANG_ENABLE_MODULES = YES;
				CLANG_ENABLE_OBJC_ARC = YES;
				CLANG_ENABLE_OBJC_WEAK = YES;
				CLANG_WARN_BLOCK_CAPTURE_AUTORELEASING = YES;
				CLANG_WARN_BOOL_CONVERSION = YES;
				CLANG_WARN_COMMA = YES;
				CLANG_WARN_CONSTANT_CONVERSION = YES;
				CLANG_WARN_DEPRECATED_OBJC_IMPLEMENTATIONS = YES;
				CLANG_WARN_DIRECT_OBJC_ISA_USAGE = YES_ERROR;
				CLANG_WARN_DOCUMENTATION_COMMENTS = YES;
				CLANG_WARN_EMPTY_BODY = YES;
				CLANG_WARN_ENUM_CONVERSION = YES;
				CLANG_WARN_INFINITE_RECURSION = YES;
				CLANG_WARN_INT_CONVERSION = YES;
				CLANG_WARN_NON_LITERAL_NULL_CONVERSION = YES;
				CLANG_WARN_OBJC_IMPLICIT_RETAIN_SELF = YES;
				CLANG_WARN_OBJC_LITERAL_CONVERSION = YES;
				CLANG_WARN_OBJC_ROOT_CLASS = YES_ERROR;
				CLANG_WARN_QUOTED_INCLUDE_IN_FRAMEWORK_HEADER = YES;
				CLANG_WARN_RANGE_LOOP_ANALYSIS = YES;
				CLANG_WARN_STRICT_PROTOTYPES = YES;
				CLANG_WARN_SUSPICIOUS_MOVE = YES;
				CLANG_WARN_UNGUARDED_AVAILABILITY = YES_AGGRESSIVE;
				CLANG_WARN_UNREACHABLE_CODE = YES;
				CLANG_WARN__DUPLICATE_METHOD_MATCH = YES;
				COPY_PHASE_STRIP = NO;
				DEBUG_INFORMATION_FORMAT = "dwarf-with-dsym";
				ENABLE_NS_ASSERTIONS = NO;
				ENABLE_STRICT_OBJC_MSGSEND = YES;
				GCC_C_LANGUAGE_STANDARD = gnu11;
				GCC_NO_COMMON_BLOCKS = YES;
				GCC_WARN_64_TO_32_BIT_CONVERSION = YES;
				GCC_WARN_ABOUT_RETURN_TYPE = YES_ERROR;
				GCC_WARN_UNDECLARED_SELECTOR = YES;
				GCC_WARN_UNINITIALIZED_AUTOS = YES_AGGRESSIVE;
				GCC_WARN_UNUSED_FUNCTION = YES;
				GCC_WARN_UNUSED_VARIABLE = YES;
				IPHONEOS_DEPLOYMENT_TARGET = 14.5;
				MTL_ENABLE_DEBUG_INFO = NO;
				MTL_FAST_MATH = YES;
				SDKROOT = iphoneos;
				SWIFT_COMPILATION_MODE = wholemodule;
				SWIFT_OPTIMIZATION_LEVEL = "-O";
				VALIDATE_PRODUCT = YES;
			};
			name = Release;
		};
		C4D24A1D264876DE001D5932 /* Debug */ = {
			isa = XCBuildConfiguration;
			buildSettings = {
				ASSETCATALOG_COMPILER_APPICON_NAME = AppIcon;
				ASSETCATALOG_COMPILER_GLOBAL_ACCENT_COLOR_NAME = AccentColor;
				CODE_SIGN_STYLE = Automatic;
				DEVELOPMENT_ASSET_PATHS = "\"Stats App/Preview Content\"";
				DEVELOPMENT_TEAM = 6P59A3T2MG;
				ENABLE_PREVIEWS = YES;
				INFOPLIST_FILE = "Stats App/Info.plist";
				IPHONEOS_DEPLOYMENT_TARGET = 14.0;
				LD_RUNPATH_SEARCH_PATHS = (
					"$(inherited)",
					"@executable_path/Frameworks",
				);
				PRODUCT_BUNDLE_IDENTIFIER = "Jerry-Wang.Stats-App";
				PRODUCT_NAME = "$(TARGET_NAME)";
				SWIFT_VERSION = 5.0;
				TARGETED_DEVICE_FAMILY = "1,2";
			};
			name = Debug;
		};
		C4D24A1E264876DE001D5932 /* Release */ = {
			isa = XCBuildConfiguration;
			buildSettings = {
				ASSETCATALOG_COMPILER_APPICON_NAME = AppIcon;
				ASSETCATALOG_COMPILER_GLOBAL_ACCENT_COLOR_NAME = AccentColor;
				CODE_SIGN_STYLE = Automatic;
				DEVELOPMENT_ASSET_PATHS = "\"Stats App/Preview Content\"";
				DEVELOPMENT_TEAM = 6P59A3T2MG;
				ENABLE_PREVIEWS = YES;
				INFOPLIST_FILE = "Stats App/Info.plist";
				IPHONEOS_DEPLOYMENT_TARGET = 14.0;
				LD_RUNPATH_SEARCH_PATHS = (
					"$(inherited)",
					"@executable_path/Frameworks",
				);
				PRODUCT_BUNDLE_IDENTIFIER = "Jerry-Wang.Stats-App";
				PRODUCT_NAME = "$(TARGET_NAME)";
				SWIFT_VERSION = 5.0;
				TARGETED_DEVICE_FAMILY = "1,2";
			};
			name = Release;
		};
		C4D24A20264876DE001D5932 /* Debug */ = {
			isa = XCBuildConfiguration;
			buildSettings = {
				ALWAYS_EMBED_SWIFT_STANDARD_LIBRARIES = YES;
				BUNDLE_LOADER = "$(TEST_HOST)";
				CODE_SIGN_STYLE = Automatic;
				DEVELOPMENT_TEAM = 6P59A3T2MG;
				INFOPLIST_FILE = "Stats AppTests/Info.plist";
				IPHONEOS_DEPLOYMENT_TARGET = 14.0;
				LD_RUNPATH_SEARCH_PATHS = (
					"$(inherited)",
					"@executable_path/Frameworks",
					"@loader_path/Frameworks",
				);
				PRODUCT_BUNDLE_IDENTIFIER = "Jerry-Wang.Stats-AppTests";
				PRODUCT_NAME = "$(TARGET_NAME)";
				SWIFT_VERSION = 5.0;
				TARGETED_DEVICE_FAMILY = "1,2";
				TEST_HOST = "$(BUILT_PRODUCTS_DIR)/Stats App.app/Stats App";
			};
			name = Debug;
		};
		C4D24A21264876DE001D5932 /* Release */ = {
			isa = XCBuildConfiguration;
			buildSettings = {
				ALWAYS_EMBED_SWIFT_STANDARD_LIBRARIES = YES;
				BUNDLE_LOADER = "$(TEST_HOST)";
				CODE_SIGN_STYLE = Automatic;
				DEVELOPMENT_TEAM = 6P59A3T2MG;
				INFOPLIST_FILE = "Stats AppTests/Info.plist";
				IPHONEOS_DEPLOYMENT_TARGET = 14.0;
				LD_RUNPATH_SEARCH_PATHS = (
					"$(inherited)",
					"@executable_path/Frameworks",
					"@loader_path/Frameworks",
				);
				PRODUCT_BUNDLE_IDENTIFIER = "Jerry-Wang.Stats-AppTests";
				PRODUCT_NAME = "$(TARGET_NAME)";
				SWIFT_VERSION = 5.0;
				TARGETED_DEVICE_FAMILY = "1,2";
				TEST_HOST = "$(BUILT_PRODUCTS_DIR)/Stats App.app/Stats App";
			};
			name = Release;
		};
		C4D24A23264876DE001D5932 /* Debug */ = {
			isa = XCBuildConfiguration;
			buildSettings = {
				ALWAYS_EMBED_SWIFT_STANDARD_LIBRARIES = YES;
				CODE_SIGN_STYLE = Automatic;
				DEVELOPMENT_TEAM = 6P59A3T2MG;
				INFOPLIST_FILE = "Stats AppUITests/Info.plist";
				LD_RUNPATH_SEARCH_PATHS = (
					"$(inherited)",
					"@executable_path/Frameworks",
					"@loader_path/Frameworks",
				);
				PRODUCT_BUNDLE_IDENTIFIER = "Jerry-Wang.Stats-AppUITests";
				PRODUCT_NAME = "$(TARGET_NAME)";
				SWIFT_VERSION = 5.0;
				TARGETED_DEVICE_FAMILY = "1,2";
				TEST_TARGET_NAME = "Stats App";
			};
			name = Debug;
		};
		C4D24A24264876DE001D5932 /* Release */ = {
			isa = XCBuildConfiguration;
			buildSettings = {
				ALWAYS_EMBED_SWIFT_STANDARD_LIBRARIES = YES;
				CODE_SIGN_STYLE = Automatic;
				DEVELOPMENT_TEAM = 6P59A3T2MG;
				INFOPLIST_FILE = "Stats AppUITests/Info.plist";
				LD_RUNPATH_SEARCH_PATHS = (
					"$(inherited)",
					"@executable_path/Frameworks",
					"@loader_path/Frameworks",
				);
				PRODUCT_BUNDLE_IDENTIFIER = "Jerry-Wang.Stats-AppUITests";
				PRODUCT_NAME = "$(TARGET_NAME)";
				SWIFT_VERSION = 5.0;
				TARGETED_DEVICE_FAMILY = "1,2";
				TEST_TARGET_NAME = "Stats App";
			};
			name = Release;
		};
/* End XCBuildConfiguration section */

/* Begin XCConfigurationList section */
		C4D249F2264876DD001D5932 /* Build configuration list for PBXProject "Stats App" */ = {
			isa = XCConfigurationList;
			buildConfigurations = (
				C4D24A1A264876DE001D5932 /* Debug */,
				C4D24A1B264876DE001D5932 /* Release */,
			);
			defaultConfigurationIsVisible = 0;
			defaultConfigurationName = Release;
		};
		C4D24A1C264876DE001D5932 /* Build configuration list for PBXNativeTarget "Stats App" */ = {
			isa = XCConfigurationList;
			buildConfigurations = (
				C4D24A1D264876DE001D5932 /* Debug */,
				C4D24A1E264876DE001D5932 /* Release */,
			);
			defaultConfigurationIsVisible = 0;
			defaultConfigurationName = Release;
		};
		C4D24A1F264876DE001D5932 /* Build configuration list for PBXNativeTarget "Stats AppTests" */ = {
			isa = XCConfigurationList;
			buildConfigurations = (
				C4D24A20264876DE001D5932 /* Debug */,
				C4D24A21264876DE001D5932 /* Release */,
			);
			defaultConfigurationIsVisible = 0;
			defaultConfigurationName = Release;
		};
		C4D24A22264876DE001D5932 /* Build configuration list for PBXNativeTarget "Stats AppUITests" */ = {
			isa = XCConfigurationList;
			buildConfigurations = (
				C4D24A23264876DE001D5932 /* Debug */,
				C4D24A24264876DE001D5932 /* Release */,
			);
			defaultConfigurationIsVisible = 0;
			defaultConfigurationName = Release;
		};
/* End XCConfigurationList section */
	};
	rootObject = C4D249EF264876DD001D5932 /* Project object */;
}
